{
  "name": "workflow-graph-example-ts",
  "version": "1.0.0",
  "lockfileVersion": 3,
  "requires": true,
  "packages": {
    "": {
      "name": "workflow-graph-example-ts",
      "version": "1.0.0",
      "dependencies": {
        "workflow-graph": "file:../"
      },
      "devDependencies": {
        "typescript": "^5.3.3"
      }
    },
    "..": {
      "version": "1.0.0",
      "license": "MIT",
      "dependencies": {
        "p-queue": "^8.1.0"
      },
      "devDependencies": {
        "@types/jest": "^29.5.10",
        "@types/node": "^20.10.0",
        "jest": "^29.0.0",
        "ts-jest": "^29.2.6",
        "ts-node": "^10.9.1",
        "typescript": "^5.3.3"
      },
      "engines": {
        "node": ">=16.0.0"
      }
    },
    "node_modules/typescript": {
      "version": "5.8.2",
      "resolved": "https://registry.npmjs.org/typescript/-/typescript-5.8.2.tgz",
      "integrity": "sha512-aJn6wq13/afZp/jT9QZmwEjDqqvSGp1VT5GVg+f/t6/oVyrgXM6BY1h9BRh/O5p3PlUPAe+WuiEZOmb/49RqoQ==",
      "dev": true,
      "bin": {
        "tsc": "bin/tsc",
        "tsserver": "bin/tsserver"
      },
      "engines": {
        "node": ">=14.17"
      }
    },
    "node_modules/workflow-graph": {
      "resolved": "..",
      "link": true
    }
  }
}
